Microsoft Visual Studio Solution File, Format Version 11.00
# Visual Studio 2008

Project("{BC8C0E95-5F9D-6D6A-15DD-65F5BDEEBDD8}") = "2D Tetris", "Assembly-CSharp.csproj", "{132A3D28-4E73-E0DE-FF8A-373BAD366951}"
EndProject
Global
	GlobalSection(SolutionConfigurationPlatforms) = preSolution
		Debug|Any CPU = Debug|Any CPU
		Release|Any CPU = Release|Any CPU
	EndGlobalSection
	GlobalSection(ProjectConfigurationPlatforms) = postSolution
		{132A3D28-4E73-E0DE-FF8A-373BAD366951}.Debug|Any CPU.ActiveCfg = Debug|Any CPU
		{132A3D28-4E73-E0DE-FF8A-373BAD366951}.Debug|Any CPU.Build.0 = Debug|Any CPU
		{132A3D28-4E73-E0DE-FF8A-373BAD366951}.Release|Any CPU.ActiveCfg = Release|Any CPU
		{132A3D28-4E73-E0DE-FF8A-373BAD366951}.Release|Any CPU.Build.0 = Release|Any CPU
	EndGlobalSection
	GlobalSection(SolutionProperties) = preSolution
		HideSolutionNode = FALSE
	EndGlobalSection
	GlobalSection(MonoDevelopProperties) = preSolution
		StartupItem = Assembly-CSharp.csproj
	EndGlobalSection
EndGlobal
